
Microsoft Visual Studio Solution File, Format Version 12.00
Project("{FAE04EC0-301F-11D3-BF4B-00C04F79EFBC}") = "TestProject1", "TestProject1\TestProject1.csproj", "{25963169-8897-427F-B283-0269EA828D17}"
EndProject
Project("{FAE04EC0-301F-11D3-BF4B-00C04F79EFBC}") = "ConsoleApp1", "ConsoleApp1\ConsoleApp1.csproj", "{346DDCF4-BA75-41B1-89BA-52FC44097A30}"
EndProject
Project("{FAE04EC0-301F-11D3-BF4B-00C04F79EFBC}") = "ClassLibrary1", "ClassLibrary1\ClassLibrary1.csproj", "{3B53E728-B08B-4E0E-8599-E55888D982BE}"
EndProject
Global
	GlobalSection(SolutionConfigurationPlatforms) = preSolution
		Debug|Any CPU = Debug|Any CPU
		Release|Any CPU = Release|Any CPU
	EndGlobalSection
	GlobalSection(ProjectConfigurationPlatforms) = postSolution
		{25963169-8897-427F-B283-0269EA828D17}.Debug|Any CPU.ActiveCfg = Debug|Any CPU
		{25963169-8897-427F-B283-0269EA828D17}.Debug|Any CPU.Build.0 = Debug|Any CPU
		{25963169-8897-427F-B283-0269EA828D17}.Release|Any CPU.ActiveCfg = Release|Any CPU
		{25963169-8897-427F-B283-0269EA828D17}.Release|Any CPU.Build.0 = Release|Any CPU
		{346DDCF4-BA75-41B1-89BA-52FC44097A30}.Debug|Any CPU.ActiveCfg = Debug|Any CPU
		{346DDCF4-BA75-41B1-89BA-52FC44097A30}.Debug|Any CPU.Build.0 = Debug|Any CPU
		{346DDCF4-BA75-41B1-89BA-52FC44097A30}.Release|Any CPU.ActiveCfg = Release|Any CPU
		{346DDCF4-BA75-41B1-89BA-52FC44097A30}.Release|Any CPU.Build.0 = Release|Any CPU
		{3B53E728-B08B-4E0E-8599-E55888D982BE}.Debug|Any CPU.ActiveCfg = Debug|Any CPU
		{3B53E728-B08B-4E0E-8599-E55888D982BE}.Debug|Any CPU.Build.0 = Debug|Any CPU
		{3B53E728-B08B-4E0E-8599-E55888D982BE}.Release|Any CPU.ActiveCfg = Release|Any CPU
		{3B53E728-B08B-4E0E-8599-E55888D982BE}.Release|Any CPU.Build.0 = Release|Any CPU
	EndGlobalSection
EndGlobal
